
Microsoft Visual Studio Solution File, Format Version 12.00
# Visual Studio Version 16
VisualStudioVersion = 16.0.31729.503
MinimumVisualStudioVersion = 10.0.40219.1
Project("{FAE04EC0-301F-11D3-BF4B-00C04F79EFBC}") = "CasaDoCodigoDois", "CasaDoCodigoDois\CasaDoCodigoDois.csproj", "{88A1D76E-ECD3-4DE1-8CF8-BE7C4F847EC4}"
EndProject
Global
	GlobalSection(SolutionConfigurationPlatforms) = preSolution
		Debug|Any CPU = Debug|Any CPU
		Release|Any CPU = Release|Any CPU
	EndGlobalSection
	GlobalSection(ProjectConfigurationPlatforms) = postSolution
		{88A1D76E-ECD3-4DE1-8CF8-BE7C4F847EC4}.Debug|Any CPU.ActiveCfg = Debug|Any CPU
		{88A1D76E-ECD3-4DE1-8CF8-BE7C4F847EC4}.Debug|Any CPU.Build.0 = Debug|Any CPU
		{88A1D76E-ECD3-4DE1-8CF8-BE7C4F847EC4}.Release|Any CPU.ActiveCfg = Release|Any CPU
		{88A1D76E-ECD3-4DE1-8CF8-BE7C4F847EC4}.Release|Any CPU.Build.0 = Release|Any CPU
	EndGlobalSection
	GlobalSection(SolutionProperties) = preSolution
		HideSolutionNode = FALSE
	EndGlobalSection
	GlobalSection(ExtensibilityGlobals) = postSolution
		SolutionGuid = {C49DA061-ADBE-4D89-BE76-7C7BC51B8DD5}
	EndGlobalSection
EndGlobal
